
Microsoft Visual Studio Solution File, Format Version 12.00
# Visual Studio Version 17
VisualStudioVersion = 17.7.34024.191
MinimumVisualStudioVersion = 10.0.40219.1
Project("{FAE04EC0-301F-11D3-BF4B-00C04F79EFBC}") = "Ovning1", "Ovning1\Ovning1.csproj", "{9880021A-A4B7-4EDE-B35A-29D18A8A0000}"
EndProject
Global
	GlobalSection(SolutionConfigurationPlatforms) = preSolution
		Debug|Any CPU = Debug|Any CPU
		Release|Any CPU = Release|Any CPU
	EndGlobalSection
	GlobalSection(ProjectConfigurationPlatforms) = postSolution
		{9880021A-A4B7-4EDE-B35A-29D18A8A0000}.Debug|Any CPU.ActiveCfg = Debug|Any CPU
		{9880021A-A4B7-4EDE-B35A-29D18A8A0000}.Debug|Any CPU.Build.0 = Debug|Any CPU
		{9880021A-A4B7-4EDE-B35A-29D18A8A0000}.Release|Any CPU.ActiveCfg = Release|Any CPU
		{9880021A-A4B7-4EDE-B35A-29D18A8A0000}.Release|Any CPU.Build.0 = Release|Any CPU
	EndGlobalSection
	GlobalSection(SolutionProperties) = preSolution
		HideSolutionNode = FALSE
	EndGlobalSection
	GlobalSection(ExtensibilityGlobals) = postSolution
		SolutionGuid = {D212CDB7-C8FD-4D9B-A598-0F297AEC6EFA}
	EndGlobalSection
EndGlobal
